
Microsoft Visual Studio Solution File, Format Version 12.00
# Visual Studio Version 16
VisualStudioVersion = 16.0.31019.35
MinimumVisualStudioVersion = 10.0.40219.1
Project("{FAE04EC0-301F-11D3-BF4B-00C04F79EFBC}") = "NetCoreUnitTest.Web", "NetCoreUnitTest.Web\NetCoreUnitTest.Web.csproj", "{A10660EF-9E18-4A93-9E7A-1F63BBFBF263}"
EndProject
Global
	GlobalSection(SolutionConfigurationPlatforms) = preSolution
		Debug|Any CPU = Debug|Any CPU
		Release|Any CPU = Release|Any CPU
	EndGlobalSection
	GlobalSection(ProjectConfigurationPlatforms) = postSolution
		{A10660EF-9E18-4A93-9E7A-1F63BBFBF263}.Debug|Any CPU.ActiveCfg = Debug|Any CPU
		{A10660EF-9E18-4A93-9E7A-1F63BBFBF263}.Debug|Any CPU.Build.0 = Debug|Any CPU
		{A10660EF-9E18-4A93-9E7A-1F63BBFBF263}.Release|Any CPU.ActiveCfg = Release|Any CPU
		{A10660EF-9E18-4A93-9E7A-1F63BBFBF263}.Release|Any CPU.Build.0 = Release|Any CPU
	EndGlobalSection
	GlobalSection(SolutionProperties) = preSolution
		HideSolutionNode = FALSE
	EndGlobalSection
	GlobalSection(ExtensibilityGlobals) = postSolution
		SolutionGuid = {F89BB4CF-C282-4E67-96E9-F022DE0A56F3}
	EndGlobalSection
EndGlobal
